
Microsoft Visual Studio Solution File, Format Version 12.00
# Visual Studio Version 16
VisualStudioVersion = 16.0.30717.126
MinimumVisualStudioVersion = 10.0.40219.1
Project("{FAE04EC0-301F-11D3-BF4B-00C04F79EFBC}") = "TestingApp.Android", "TestingApp\TestingApp.Android\TestingApp.Android.csproj", "{BBBCB98B-E33A-4D84-ADD7-F8B3FDA7B0A5}"
EndProject
Project("{FAE04EC0-301F-11D3-BF4B-00C04F79EFBC}") = "TestingApp", "TestingApp\TestingApp\TestingApp.csproj", "{F8DA7A1B-49B5-4F1A-85A9-1E1E009E06A8}"
EndProject
Global
	GlobalSection(SolutionConfigurationPlatforms) = preSolution
		Debug|Any CPU = Debug|Any CPU
		Release|Any CPU = Release|Any CPU
	EndGlobalSection
	GlobalSection(ProjectConfigurationPlatforms) = postSolution
		{BBBCB98B-E33A-4D84-ADD7-F8B3FDA7B0A5}.Debug|Any CPU.ActiveCfg = Debug|Any CPU
		{BBBCB98B-E33A-4D84-ADD7-F8B3FDA7B0A5}.Debug|Any CPU.Build.0 = Debug|Any CPU
		{BBBCB98B-E33A-4D84-ADD7-F8B3FDA7B0A5}.Debug|Any CPU.Deploy.0 = Debug|Any CPU
		{BBBCB98B-E33A-4D84-ADD7-F8B3FDA7B0A5}.Release|Any CPU.ActiveCfg = Release|Any CPU
		{BBBCB98B-E33A-4D84-ADD7-F8B3FDA7B0A5}.Release|Any CPU.Build.0 = Release|Any CPU
		{BBBCB98B-E33A-4D84-ADD7-F8B3FDA7B0A5}.Release|Any CPU.Deploy.0 = Release|Any CPU
		{F8DA7A1B-49B5-4F1A-85A9-1E1E009E06A8}.Debug|Any CPU.ActiveCfg = Debug|Any CPU
		{F8DA7A1B-49B5-4F1A-85A9-1E1E009E06A8}.Debug|Any CPU.Build.0 = Debug|Any CPU
		{F8DA7A1B-49B5-4F1A-85A9-1E1E009E06A8}.Debug|Any CPU.Deploy.0 = Debug|Any CPU
		{F8DA7A1B-49B5-4F1A-85A9-1E1E009E06A8}.Release|Any CPU.ActiveCfg = Release|Any CPU
		{F8DA7A1B-49B5-4F1A-85A9-1E1E009E06A8}.Release|Any CPU.Build.0 = Release|Any CPU
		{F8DA7A1B-49B5-4F1A-85A9-1E1E009E06A8}.Release|Any CPU.Deploy.0 = Release|Any CPU
	EndGlobalSection
	GlobalSection(SolutionProperties) = preSolution
		HideSolutionNode = FALSE
	EndGlobalSection
	GlobalSection(ExtensibilityGlobals) = postSolution
		SolutionGuid = {198364B9-8DBB-410D-A0B8-39F83C2F7971}
	EndGlobalSection
EndGlobal
